{
  "version": 4,
  "terraform_version": "1.13.1",
  "serial": 59,
  "lineage": "831de073-0704-6d75-3f5a-857e04733081",
  "outputs": {
    "dynamodb_table_name": {
      "value": "event-pipeline-user-activity",
      "type": "string"
    },
    "raw_bucket_name": {
      "value": "event-pipeline-raw-1f38",
      "type": "string"
    },
    "state_machine_arn": {
      "value": "arn:aws:states:us-east-1:620812304336:stateMachine:event-pipeline-state-machine",
      "type": "string"
    }
  },
  "resources": [
    {
      "mode": "data",
      "type": "archive_file",
      "name": "ingest_zip",
      "provider": "provider[\"registry.terraform.io/hashicorp/archive\"]",
      "instances": [
        {
          "schema_version": 0,
          "attributes": {
            "exclude_symlink_directories": null,
            "excludes": null,
            "id": "baf6329ec875075390aac6d454ec70d4dd03d6be",
            "output_base64sha256": "QU8XpbBBNthR0pZ0ByJ5V7ACubuyUoLGDV1kq4w3sh8=",
            "output_base64sha512": "WhFRGroD8MoS378pVrTUrLMgTBqSOtWIKGls7CWrDr83relD+moY4RGF8ZQ/9gmO8FexGoxusQb/7FiPcyhkAg==",
            "output_file_mode": null,
            "output_md5": "980b4e0208ae5a02a510874edad8ce39",
            "output_path": "./build/ingest.zip",
            "output_sha": "baf6329ec875075390aac6d454ec70d4dd03d6be",
            "output_sha256": "414f17a5b04136d851d2967407227957b002b9bbb25282c60d5d64ab8c37b21f",
            "output_sha512": "5a11511aba03f0ca12dfbf2956b4d4acb3204c1a923ad58828696cec25ab0ebf37ade943fa6a18e11185f1943ff6098ef057b11a8c6eb106ffec588f73286402",
            "output_size": 656,
            "source": [],
            "source_content": null,
            "source_content_filename": null,
            "source_dir": "./src/lambdas/ingest",
            "source_file": null,
            "type": "zip"
          },
          "sensitive_attributes": [],
          "identity_schema_version": 0
        }
      ]
    },
    {
      "mode": "data",
      "type": "archive_file",
      "name": "process_zip",
      "provider": "provider[\"registry.terraform.io/hashicorp/archive\"]",
      "instances": [
        {
          "schema_version": 0,
          "attributes": {
            "exclude_symlink_directories": null,
            "excludes": null,
            "id": "96e2279dd642d7592cd9b2efabd79a48056ad4ea",
            "output_base64sha256": "R8mMkOG0QrT28SLKBtfYuuU55i5g+OmyJZGzLrR9Kkw=",
            "output_base64sha512": "V6XbOUB+yL6EOq7L5iNHUpk7tEMYcRsnP30/IfmKRO2yE8+xMIGwa/vznbAGpwEvN1kSiU2dl8CYXDzhPW6gPA==",
            "output_file_mode": null,
            "output_md5": "934aaea23dcb56393073072b16f5b99d",
            "output_path": "./build/process.zip",
            "output_sha": "96e2279dd642d7592cd9b2efabd79a48056ad4ea",
            "output_sha256": "47c98c90e1b442b4f6f122ca06d7d8bae539e62e60f8e9b22591b32eb47d2a4c",
            "output_sha512": "57a5db39407ec8be843aaecbe6234752993bb44318711b273f7d3f21f98a44edb213cfb13081b06bfbf39db006a7012f375912894d9d97c0985c3ce13d6ea03c",
            "output_size": 562,
            "source": [],
            "source_content": null,
            "source_content_filename": null,
            "source_dir": "./src/lambdas/process",
            "source_file": null,
            "type": "zip"
          },
          "sensitive_attributes": [],
          "identity_schema_version": 0
        }
      ]
    },
    {
      "mode": "data",
      "type": "archive_file",
      "name": "writer_zip",
      "provider": "provider[\"registry.terraform.io/hashicorp/archive\"]",
      "instances": [
        {
          "schema_version": 0,
          "attributes": {
            "exclude_symlink_directories": null,
            "excludes": null,
            "id": "95db5c45a994a740e3ccb4489a24d8cf4856025f",
            "output_base64sha256": "oPhoZYyWy+YdkPf/h84fEhREDLp8WVFZMbYSnvd536I=",
            "output_base64sha512": "r2WnRAPgRY4mudngpN7AQay5uMqJ9jCvkD6MSwuW4axJd8v8LVj+5ITogNbArpoT0S1yUs12XmT2HKrhAYVWnA==",
            "output_file_mode": null,
            "output_md5": "6ef92400c0b7101646962f39a77c5750",
            "output_path": "./build/writer.zip",
            "output_sha": "95db5c45a994a740e3ccb4489a24d8cf4856025f",
            "output_sha256": "a0f868658c96cbe61d90f7ff87ce1f1214440cba7c59515931b6129ef779dfa2",
            "output_sha512": "af65a74403e0458e26b9d9e0a4dec041acb9b8ca89f630af903e8c4b0b96e1ac4977cbfc2d58fee484e880d6c0ae9a13d12d7252cd765e64f61caae10185569c",
            "output_size": 445,
            "source": [],
            "source_content": null,
            "source_content_filename": null,
            "source_dir": "./src/lambdas/writer",
            "source_file": null,
            "type": "zip"
          },
          "sensitive_attributes": [],
          "identity_schema_version": 0
        }
      ]
    },
    {
      "mode": "data",
      "type": "aws_iam_policy_document",
      "name": "assume_lambda",
      "provider": "provider[\"registry.terraform.io/hashicorp/aws\"]",
      "instances": [
        {
          "schema_version": 0,
          "attributes": {
            "id": "2690255455",
            "json": "{\n  \"Version\": \"2012-10-17\",\n  \"Statement\": [\n    {\n      \"Effect\": \"Allow\",\n      \"Action\": \"sts:AssumeRole\",\n      \"Principal\": {\n        \"Service\": \"lambda.amazonaws.com\"\n      }\n    }\n  ]\n}",
            "minified_json": "{\"Version\":\"2012-10-17\",\"Statement\":[{\"Effect\":\"Allow\",\"Action\":\"sts:AssumeRole\",\"Principal\":{\"Service\":\"lambda.amazonaws.com\"}}]}",
            "override_json": null,
            "override_policy_documents": null,
            "policy_id": null,
            "source_json": null,
            "source_policy_documents": null,
            "statement": [
              {
                "actions": [
                  "sts:AssumeRole"
                ],
                "condition": [],
                "effect": "Allow",
                "not_actions": [],
                "not_principals": [],
                "not_resources": [],
                "principals": [
                  {
                    "identifiers": [
                      "lambda.amazonaws.com"
                    ],
                    "type": "Service"
                  }
                ],
                "resources": [],
                "sid": ""
              }
            ],
            "version": "2012-10-17"
          },
          "sensitive_attributes": [],
          "identity_schema_version": 0
        }
      ]
    },
    {
      "mode": "data",
      "type": "aws_iam_policy_document",
      "name": "assume_sfn",
      "provider": "provider[\"registry.terraform.io/hashicorp/aws\"]",
      "instances": [
        {
          "schema_version": 0,
          "attributes": {
            "id": "4022981484",
            "json": "{\n  \"Version\": \"2012-10-17\",\n  \"Statement\": [\n    {\n      \"Effect\": \"Allow\",\n      \"Action\": \"sts:AssumeRole\",\n      \"Principal\": {\n        \"Service\": \"states.amazonaws.com\"\n      }\n    }\n  ]\n}",
            "minified_json": "{\"Version\":\"2012-10-17\",\"Statement\":[{\"Effect\":\"Allow\",\"Action\":\"sts:AssumeRole\",\"Principal\":{\"Service\":\"states.amazonaws.com\"}}]}",
            "override_json": null,
            "override_policy_documents": null,
            "policy_id": null,
            "source_json": null,
            "source_policy_documents": null,
            "statement": [
              {
                "actions": [
                  "sts:AssumeRole"
                ],
                "condition": [],
                "effect": "Allow",
                "not_actions": [],
                "not_principals": [],
                "not_resources": [],
                "principals": [
                  {
                    "identifiers": [
                      "states.amazonaws.com"
                    ],
                    "type": "Service"
                  }
                ],
                "resources": [],
                "sid": ""
              }
            ],
            "version": "2012-10-17"
          },
          "sensitive_attributes": [],
          "identity_schema_version": 0
        }
      ]
    },
    {
      "mode": "data",
      "type": "aws_iam_policy_document",
      "name": "ingest_access",
      "provider": "provider[\"registry.terraform.io/hashicorp/aws\"]",
      "instances": [
        {
          "schema_version": 0,
          "attributes": {
            "id": "4216283622",
            "json": "{\n  \"Version\": \"2012-10-17\",\n  \"Statement\": [\n    {\n      \"Effect\": \"Allow\",\n      \"Action\": [\n        \"s3:PutObjectAcl\",\n        \"s3:PutObject\"\n      ],\n      \"Resource\": \"arn:aws:s3:::event-pipeline-raw-1f38/*\"\n    }\n  ]\n}",
            "minified_json": "{\"Version\":\"2012-10-17\",\"Statement\":[{\"Effect\":\"Allow\",\"Action\":[\"s3:PutObjectAcl\",\"s3:PutObject\"],\"Resource\":\"arn:aws:s3:::event-pipeline-raw-1f38/*\"}]}",
            "override_json": null,
            "override_policy_documents": null,
            "policy_id": null,
            "source_json": null,
            "source_policy_documents": null,
            "statement": [
              {
                "actions": [
                  "s3:PutObject",
                  "s3:PutObjectAcl"
                ],
                "condition": [],
                "effect": "Allow",
                "not_actions": [],
                "not_principals": [],
                "not_resources": [],
                "principals": [],
                "resources": [
                  "arn:aws:s3:::event-pipeline-raw-1f38/*"
                ],
                "sid": ""
              }
            ],
            "version": "2012-10-17"
          },
          "sensitive_attributes": [],
          "identity_schema_version": 0
        }
      ]
    },
    {
      "mode": "data",
      "type": "aws_iam_policy_document",
      "name": "lambda_logs",
      "provider": "provider[\"registry.terraform.io/hashicorp/aws\"]",
      "instances": [
        {
          "schema_version": 0,
          "attributes": {
            "id": "3546645223",
            "json": "{\n  \"Version\": \"2012-10-17\",\n  \"Statement\": [\n    {\n      \"Effect\": \"Allow\",\n      \"Action\": [\n        \"logs:PutLogEvents\",\n        \"logs:CreateLogStream\",\n        \"logs:CreateLogGroup\"\n      ],\n      \"Resource\": \"*\"\n    }\n  ]\n}",
            "minified_json": "{\"Version\":\"2012-10-17\",\"Statement\":[{\"Effect\":\"Allow\",\"Action\":[\"logs:PutLogEvents\",\"logs:CreateLogStream\",\"logs:CreateLogGroup\"],\"Resource\":\"*\"}]}",
            "override_json": null,
            "override_policy_documents": null,
            "policy_id": null,
            "source_json": null,
            "source_policy_documents": null,
            "statement": [
              {
                "actions": [
                  "logs:CreateLogGroup",
                  "logs:CreateLogStream",
                  "logs:PutLogEvents"
                ],
                "condition": [],
                "effect": "Allow",
                "not_actions": [],
                "not_principals": [],
                "not_resources": [],
                "principals": [],
                "resources": [
                  "*"
                ],
                "sid": ""
              }
            ],
            "version": "2012-10-17"
          },
          "sensitive_attributes": [],
          "identity_schema_version": 0
        }
      ]
    },
    {
      "mode": "data",
      "type": "aws_iam_policy_document",
      "name": "process_access",
      "provider": "provider[\"registry.terraform.io/hashicorp/aws\"]",
      "instances": [
        {
          "schema_version": 0,
          "attributes": {
            "id": "1335818216",
            "json": "{\n  \"Version\": \"2012-10-17\",\n  \"Statement\": [\n    {\n      \"Effect\": \"Allow\",\n      \"Action\": \"s3:GetObject\",\n      \"Resource\": \"arn:aws:s3:::event-pipeline-raw-1f38/*\"\n    }\n  ]\n}",
            "minified_json": "{\"Version\":\"2012-10-17\",\"Statement\":[{\"Effect\":\"Allow\",\"Action\":\"s3:GetObject\",\"Resource\":\"arn:aws:s3:::event-pipeline-raw-1f38/*\"}]}",
            "override_json": null,
            "override_policy_documents": null,
            "policy_id": null,
            "source_json": null,
            "source_policy_documents": null,
            "statement": [
              {
                "actions": [
                  "s3:GetObject"
                ],
                "condition": [],
                "effect": "Allow",
                "not_actions": [],
                "not_principals": [],
                "not_resources": [],
                "principals": [],
                "resources": [
                  "arn:aws:s3:::event-pipeline-raw-1f38/*"
                ],
                "sid": ""
              }
            ],
            "version": "2012-10-17"
          },
          "sensitive_attributes": [],
          "identity_schema_version": 0
        }
      ]
    },
    {
      "mode": "data",
      "type": "aws_iam_policy_document",
      "name": "sfn_invoke",
      "provider": "provider[\"registry.terraform.io/hashicorp/aws\"]",
      "instances": [
        {
          "schema_version": 0,
          "attributes": {
            "id": "1785599669",
            "json": "{\n  \"Version\": \"2012-10-17\",\n  \"Statement\": [\n    {\n      \"Effect\": \"Allow\",\n      \"Action\": \"lambda:InvokeFunction\",\n      \"Resource\": [\n        \"arn:aws:lambda:us-east-1:620812304336:function:event-pipeline-writer\",\n        \"arn:aws:lambda:us-east-1:620812304336:function:event-pipeline-process\",\n        \"arn:aws:lambda:us-east-1:620812304336:function:event-pipeline-ingest\"\n      ]\n    },\n    {\n      \"Effect\": \"Allow\",\n      \"Action\": [\n        \"logs:UpdateLogDelivery\",\n        \"logs:PutResourcePolicy\",\n        \"logs:PutLogEvents\",\n        \"logs:ListLogDeliveries\",\n        \"logs:GetLogDelivery\",\n        \"logs:DescribeResourcePolicies\",\n        \"logs:DescribeLogStreams\",\n        \"logs:DescribeLogGroups\",\n        \"logs:DeleteLogDelivery\",\n        \"logs:CreateLogStream\",\n        \"logs:CreateLogGroup\",\n        \"logs:CreateLogDelivery\",\n        \"logs:AssociateKmsKey\"\n      ],\n      \"Resource\": \"*\"\n    }\n  ]\n}",
            "minified_json": "{\"Version\":\"2012-10-17\",\"Statement\":[{\"Effect\":\"Allow\",\"Action\":\"lambda:InvokeFunction\",\"Resource\":[\"arn:aws:lambda:us-east-1:620812304336:function:event-pipeline-writer\",\"arn:aws:lambda:us-east-1:620812304336:function:event-pipeline-process\",\"arn:aws:lambda:us-east-1:620812304336:function:event-pipeline-ingest\"]},{\"Effect\":\"Allow\",\"Action\":[\"logs:UpdateLogDelivery\",\"logs:PutResourcePolicy\",\"logs:PutLogEvents\",\"logs:ListLogDeliveries\",\"logs:GetLogDelivery\",\"logs:DescribeResourcePolicies\",\"logs:DescribeLogStreams\",\"logs:DescribeLogGroups\",\"logs:DeleteLogDelivery\",\"logs:CreateLogStream\",\"logs:CreateLogGroup\",\"logs:CreateLogDelivery\",\"logs:AssociateKmsKey\"],\"Resource\":\"*\"}]}",
            "override_json": null,
            "override_policy_documents": null,
            "policy_id": null,
            "source_json": null,
            "source_policy_documents": null,
            "statement": [
              {
                "actions": [
                  "lambda:InvokeFunction"
                ],
                "condition": [],
                "effect": "Allow",
                "not_actions": [],
                "not_principals": [],
                "not_resources": [],
                "principals": [],
                "resources": [
                  "arn:aws:lambda:us-east-1:620812304336:function:event-pipeline-ingest",
                  "arn:aws:lambda:us-east-1:620812304336:function:event-pipeline-process",
                  "arn:aws:lambda:us-east-1:620812304336:function:event-pipeline-writer"
                ],
                "sid": ""
              },
              {
                "actions": [
                  "logs:AssociateKmsKey",
                  "logs:CreateLogDelivery",
                  "logs:CreateLogGroup",
                  "logs:CreateLogStream",
                  "logs:DeleteLogDelivery",
                  "logs:DescribeLogGroups",
                  "logs:DescribeLogStreams",
                  "logs:DescribeResourcePolicies",
                  "logs:GetLogDelivery",
                  "logs:ListLogDeliveries",
                  "logs:PutLogEvents",
                  "logs:PutResourcePolicy",
                  "logs:UpdateLogDelivery"
                ],
                "condition": [],
                "effect": "Allow",
                "not_actions": [],
                "not_principals": [],
                "not_resources": [],
                "principals": [],
                "resources": [
                  "*"
                ],
                "sid": ""
              }
            ],
            "version": "2012-10-17"
          },
          "sensitive_attributes": [],
          "identity_schema_version": 0
        }
      ]
    },
    {
      "mode": "data",
      "type": "aws_iam_policy_document",
      "name": "writer_access",
      "provider": "provider[\"registry.terraform.io/hashicorp/aws\"]",
      "instances": [
        {
          "schema_version": 0,
          "attributes": {
            "id": "407995969",
            "json": "{\n  \"Version\": \"2012-10-17\",\n  \"Statement\": [\n    {\n      \"Effect\": \"Allow\",\n      \"Action\": [\n        \"dynamodb:PutItem\",\n        \"dynamodb:BatchWriteItem\"\n      ],\n      \"Resource\": \"arn:aws:dynamodb:us-east-1:620812304336:table/event-pipeline-user-activity\"\n    }\n  ]\n}",
            "minified_json": "{\"Version\":\"2012-10-17\",\"Statement\":[{\"Effect\":\"Allow\",\"Action\":[\"dynamodb:PutItem\",\"dynamodb:BatchWriteItem\"],\"Resource\":\"arn:aws:dynamodb:us-east-1:620812304336:table/event-pipeline-user-activity\"}]}",
            "override_json": null,
            "override_policy_documents": null,
            "policy_id": null,
            "source_json": null,
            "source_policy_documents": null,
            "statement": [
              {
                "actions": [
                  "dynamodb:BatchWriteItem",
                  "dynamodb:PutItem"
                ],
                "condition": [],
                "effect": "Allow",
                "not_actions": [],
                "not_principals": [],
                "not_resources": [],
                "principals": [],
                "resources": [
                  "arn:aws:dynamodb:us-east-1:620812304336:table/event-pipeline-user-activity"
                ],
                "sid": ""
              }
            ],
            "version": "2012-10-17"
          },
          "sensitive_attributes": [],
          "identity_schema_version": 0
        }
      ]
    },
    {
      "mode": "managed",
      "type": "aws_cloudwatch_log_group",
      "name": "sfn_logs",
      "provider": "provider[\"registry.terraform.io/hashicorp/aws\"]",
      "instances": [
        {
          "schema_version": 0,
          "attributes": {
            "arn": "arn:aws:logs:us-east-1:620812304336:log-group:/aws/states/event-pipeline-logs",
            "id": "/aws/states/event-pipeline-logs",
            "kms_key_id": "",
            "log_group_class": "STANDARD",
            "name": "/aws/states/event-pipeline-logs",
            "name_prefix": "",
            "region": "us-east-1",
            "retention_in_days": 14,
            "skip_destroy": false,
            "tags": {
              "Environment": "dev",
              "ManagedBy": "terraform",
              "Project": "event-pipeline"
            },
            "tags_all": {
              "Environment": "dev",
              "ManagedBy": "terraform",
              "Project": "event-pipeline"
            }
          },
          "sensitive_attributes": [],
          "identity_schema_version": 0,
          "identity": {
            "account_id": "620812304336",
            "name": "/aws/states/event-pipeline-logs",
            "region": "us-east-1"
          },
          "private": "bnVsbA=="
        }
      ]
    },
    {
      "mode": "managed",
      "type": "aws_cloudwatch_metric_alarm",
      "name": "ingest_errors",
      "provider": "provider[\"registry.terraform.io/hashicorp/aws\"]",
      "instances": [
        {
          "schema_version": 1,
          "attributes": {
            "actions_enabled": true,
            "alarm_actions": [
              "arn:aws:sns:us-east-1:620812304336:event-pipeline-alarms"
            ],
            "alarm_description": "Ingest Lambda reported errors",
            "alarm_name": "event-pipeline-ingest-errors",
            "arn": "arn:aws:cloudwatch:us-east-1:620812304336:alarm:event-pipeline-ingest-errors",
            "comparison_operator": "GreaterThanThreshold",
            "datapoints_to_alarm": 0,
            "dimensions": {
              "FunctionName": "event-pipeline-ingest"
            },
            "evaluate_low_sample_count_percentiles": "",
            "evaluation_periods": 1,
            "extended_statistic": "",
            "id": "event-pipeline-ingest-errors",
            "insufficient_data_actions": [],
            "metric_name": "Errors",
            "metric_query": [],
            "namespace": "AWS/Lambda",
            "ok_actions": [],
            "period": 60,
            "region": "us-east-1",
            "statistic": "Sum",
            "tags": {
              "Environment": "dev",
              "ManagedBy": "terraform",
              "Project": "event-pipeline"
            },
            "tags_all": {
              "Environment": "dev",
              "ManagedBy": "terraform",
              "Project": "event-pipeline"
            },
            "threshold": 0,
            "threshold_metric_id": "",
            "treat_missing_data": "notBreaching",
            "unit": ""
          },
          "sensitive_attributes": [],
          "identity_schema_version": 0,
          "identity": {
            "account_id": "620812304336",
            "alarm_name": "event-pipeline-ingest-errors",
            "region": "us-east-1"
          },
          "private": "eyJzY2hlbWFfdmVyc2lvbiI6IjEifQ==",
          "dependencies": [
            "aws_iam_role.ingest_role",
            "aws_lambda_function.ingest",
            "aws_s3_bucket.raw",
            "aws_sns_topic.alarms",
            "data.archive_file.ingest_zip",
            "data.aws_iam_policy_document.assume_lambda",
            "random_id.suffix"
          ]
        }
      ]
    },
    {
      "mode": "managed",
      "type": "aws_cloudwatch_metric_alarm",
      "name": "process_errors",
      "provider": "provider[\"registry.terraform.io/hashicorp/aws\"]",
      "instances": [
        {
          "schema_version": 1,
          "attributes": {
            "actions_enabled": true,
            "alarm_actions": [
              "arn:aws:sns:us-east-1:620812304336:event-pipeline-alarms"
            ],
            "alarm_description": "Process Lambda reported errors",
            "alarm_name": "event-pipeline-process-errors",
            "arn": "arn:aws:cloudwatch:us-east-1:620812304336:alarm:event-pipeline-process-errors",
            "comparison_operator": "GreaterThanThreshold",
            "datapoints_to_alarm": 0,
            "dimensions": {
              "FunctionName": "event-pipeline-process"
            },
            "evaluate_low_sample_count_percentiles": "",
            "evaluation_periods": 1,
            "extended_statistic": "",
            "id": "event-pipeline-process-errors",
            "insufficient_data_actions": [],
            "metric_name": "Errors",
            "metric_query": [],
            "namespace": "AWS/Lambda",
            "ok_actions": [],
            "period": 60,
            "region": "us-east-1",
            "statistic": "Sum",
            "tags": {
              "Environment": "dev",
              "ManagedBy": "terraform",
              "Project": "event-pipeline"
            },
            "tags_all": {
              "Environment": "dev",
              "ManagedBy": "terraform",
              "Project": "event-pipeline"
            },
            "threshold": 0,
            "threshold_metric_id": "",
            "treat_missing_data": "notBreaching",
            "unit": ""
          },
          "sensitive_attributes": [],
          "identity_schema_version": 0,
          "identity": {
            "account_id": "620812304336",
            "alarm_name": "event-pipeline-process-errors",
            "region": "us-east-1"
          },
          "private": "eyJzY2hlbWFfdmVyc2lvbiI6IjEifQ==",
          "dependencies": [
            "aws_iam_role.process_role",
            "aws_lambda_function.process",
            "aws_s3_bucket.raw",
            "aws_sns_topic.alarms",
            "data.archive_file.process_zip",
            "data.aws_iam_policy_document.assume_lambda",
            "random_id.suffix"
          ]
        }
      ]
    },
    {
      "mode": "managed",
      "type": "aws_cloudwatch_metric_alarm",
      "name": "sfn_failed",
      "provider": "provider[\"registry.terraform.io/hashicorp/aws\"]",
      "instances": [
        {
          "schema_version": 1,
          "attributes": {
            "actions_enabled": true,
            "alarm_actions": [
              "arn:aws:sns:us-east-1:620812304336:event-pipeline-alarms"
            ],
            "alarm_description": "State machine had failed executions",
            "alarm_name": "event-pipeline-sfn-failed",
            "arn": "arn:aws:cloudwatch:us-east-1:620812304336:alarm:event-pipeline-sfn-failed",
            "comparison_operator": "GreaterThanThreshold",
            "datapoints_to_alarm": 0,
            "dimensions": {
              "StateMachineArn": "arn:aws:states:us-east-1:620812304336:stateMachine:event-pipeline-state-machine"
            },
            "evaluate_low_sample_count_percentiles": "",
            "evaluation_periods": 1,
            "extended_statistic": "",
            "id": "event-pipeline-sfn-failed",
            "insufficient_data_actions": null,
            "metric_name": "ExecutionsFailed",
            "metric_query": [],
            "namespace": "AWS/States",
            "ok_actions": null,
            "period": 60,
            "region": "us-east-1",
            "statistic": "Sum",
            "tags": {
              "Environment": "dev",
              "ManagedBy": "terraform",
              "Project": "event-pipeline"
            },
            "tags_all": {
              "Environment": "dev",
              "ManagedBy": "terraform",
              "Project": "event-pipeline"
            },
            "threshold": 0,
            "threshold_metric_id": "",
            "treat_missing_data": "notBreaching",
            "unit": ""
          },
          "sensitive_attributes": [],
          "identity_schema_version": 0,
          "identity": {
            "account_id": "620812304336",
            "alarm_name": "event-pipeline-sfn-failed",
            "region": "us-east-1"
          },
          "private": "eyJzY2hlbWFfdmVyc2lvbiI6IjEifQ==",
          "dependencies": [
            "aws_cloudwatch_log_group.sfn_logs",
            "aws_dynamodb_table.user_activity",
            "aws_iam_role.ingest_role",
            "aws_iam_role.process_role",
            "aws_iam_role.sfn_role",
            "aws_iam_role.writer_role",
            "aws_iam_role_policy.sfn_policy",
            "aws_lambda_function.ingest",
            "aws_lambda_function.process",
            "aws_lambda_function.writer",
            "aws_s3_bucket.raw",
            "aws_sfn_state_machine.pipeline",
            "aws_sns_topic.alarms",
            "data.archive_file.ingest_zip",
            "data.archive_file.process_zip",
            "data.archive_file.writer_zip",
            "data.aws_iam_policy_document.assume_lambda",
            "data.aws_iam_policy_document.assume_sfn",
            "data.aws_iam_policy_document.sfn_invoke",
            "random_id.suffix"
          ]
        }
      ]
    },
    {
      "mode": "managed",
      "type": "aws_cloudwatch_metric_alarm",
      "name": "writer_errors",
      "provider": "provider[\"registry.terraform.io/hashicorp/aws\"]",
      "instances": [
        {
          "schema_version": 1,
          "attributes": {
            "actions_enabled": true,
            "alarm_actions": [
              "arn:aws:sns:us-east-1:620812304336:event-pipeline-alarms"
            ],
            "alarm_description": "Writer Lambda reported errors",
            "alarm_name": "event-pipeline-writer-errors",
            "arn": "arn:aws:cloudwatch:us-east-1:620812304336:alarm:event-pipeline-writer-errors",
            "comparison_operator": "GreaterThanThreshold",
            "datapoints_to_alarm": 0,
            "dimensions": {
              "FunctionName": "event-pipeline-writer"
            },
            "evaluate_low_sample_count_percentiles": "",
            "evaluation_periods": 1,
            "extended_statistic": "",
            "id": "event-pipeline-writer-errors",
            "insufficient_data_actions": [],
            "metric_name": "Errors",
            "metric_query": [],
            "namespace": "AWS/Lambda",
            "ok_actions": [],
            "period": 60,
            "region": "us-east-1",
            "statistic": "Sum",
            "tags": {
              "Environment": "dev",
              "ManagedBy": "terraform",
              "Project": "event-pipeline"
            },
            "tags_all": {
              "Environment": "dev",
              "ManagedBy": "terraform",
              "Project": "event-pipeline"
            },
            "threshold": 0,
            "threshold_metric_id": "",
            "treat_missing_data": "notBreaching",
            "unit": ""
          },
          "sensitive_attributes": [],
          "identity_schema_version": 0,
          "identity": {
            "account_id": "620812304336",
            "alarm_name": "event-pipeline-writer-errors",
            "region": "us-east-1"
          },
          "private": "eyJzY2hlbWFfdmVyc2lvbiI6IjEifQ==",
          "dependencies": [
            "aws_dynamodb_table.user_activity",
            "aws_iam_role.writer_role",
            "aws_lambda_function.writer",
            "aws_sns_topic.alarms",
            "data.archive_file.writer_zip",
            "data.aws_iam_policy_document.assume_lambda",
            "random_id.suffix"
          ]
        }
      ]
    },
    {
      "mode": "managed",
      "type": "aws_dynamodb_table",
      "name": "user_activity",
      "provider": "provider[\"registry.terraform.io/hashicorp/aws\"]",
      "instances": [
        {
          "schema_version": 1,
          "attributes": {
            "arn": "arn:aws:dynamodb:us-east-1:620812304336:table/event-pipeline-user-activity",
            "attribute": [
              {
                "name": "event_time",
                "type": "S"
              },
              {
                "name": "user_id",
                "type": "S"
              }
            ],
            "billing_mode": "PAY_PER_REQUEST",
            "deletion_protection_enabled": false,
            "global_secondary_index": [],
            "hash_key": "user_id",
            "id": "event-pipeline-user-activity",
            "import_table": [],
            "local_secondary_index": [],
            "name": "event-pipeline-user-activity",
            "on_demand_throughput": [],
            "point_in_time_recovery": [
              {
                "enabled": false,
                "recovery_period_in_days": 0
              }
            ],
            "range_key": "event_time",
            "read_capacity": 0,
            "region": "us-east-1",
            "replica": [],
            "restore_date_time": null,
            "restore_source_name": null,
            "restore_source_table_arn": null,
            "restore_to_latest_time": null,
            "server_side_encryption": [],
            "stream_arn": "",
            "stream_enabled": false,
            "stream_label": "",
            "stream_view_type": "",
            "table_class": "STANDARD",
            "tags": {
              "Environment": "dev",
              "ManagedBy": "terraform",
              "Project": "event-pipeline"
            },
            "tags_all": {
              "Environment": "dev",
              "ManagedBy": "terraform",
              "Project": "event-pipeline"
            },
            "timeouts": null,
            "ttl": [
              {
                "attribute_name": "",
                "enabled": false
              }
            ],
            "write_capacity": 0
          },
          "sensitive_attributes": [],
          "identity_schema_version": 0,
          "private": "eyJlMmJmYjczMC1lY2FhLTExZTYtOGY4OC0zNDM2M2JjN2M0YzAiOnsiY3JlYXRlIjoxODAwMDAwMDAwMDAwLCJkZWxldGUiOjYwMDAwMDAwMDAwMCwidXBkYXRlIjozNjAwMDAwMDAwMDAwfSwic2NoZW1hX3ZlcnNpb24iOiIxIn0="
        }
      ]
    },
    {
      "mode": "managed",
      "type": "aws_iam_role",
      "name": "ingest_role",
      "provider": "provider[\"registry.terraform.io/hashicorp/aws\"]",
      "instances": [
        {
          "schema_version": 0,
          "attributes": {
            "arn": "arn:aws:iam::620812304336:role/event-pipeline-ingest-role-1f38",
            "assume_role_policy": "{\"Statement\":[{\"Action\":\"sts:AssumeRole\",\"Effect\":\"Allow\",\"Principal\":{\"Service\":\"lambda.amazonaws.com\"}}],\"Version\":\"2012-10-17\"}",
            "create_date": "2025-08-29T22:37:41Z",
            "description": "",
            "force_detach_policies": false,
            "id": "event-pipeline-ingest-role-1f38",
            "inline_policy": [
              {
                "name": "logs",
                "policy": "{\"Version\":\"2012-10-17\",\"Statement\":[{\"Action\":[\"logs:PutLogEvents\",\"logs:CreateLogStream\",\"logs:CreateLogGroup\"],\"Effect\":\"Allow\",\"Resource\":\"*\"}]}"
              },
              {
                "name": "s3write",
                "policy": "{\"Version\":\"2012-10-17\",\"Statement\":[{\"Action\":[\"s3:PutObjectAcl\",\"s3:PutObject\"],\"Effect\":\"Allow\",\"Resource\":\"arn:aws:s3:::event-pipeline-raw-1f38/*\"}]}"
              }
            ],
            "managed_policy_arns": [],
            "max_session_duration": 3600,
            "name": "event-pipeline-ingest-role-1f38",
            "name_prefix": "",
            "path": "/",
            "permissions_boundary": "",
            "tags": {
              "Environment": "dev",
              "ManagedBy": "terraform",
              "Project": "event-pipeline"
            },
            "tags_all": {
              "Environment": "dev",
              "ManagedBy": "terraform",
              "Project": "event-pipeline"
            },
            "unique_id": "AROAZBC2L77IMLE75KLRV"
          },
          "sensitive_attributes": [],
          "identity_schema_version": 0,
          "identity": {
            "account_id": "620812304336",
            "name": "event-pipeline-ingest-role-1f38"
          },
          "private": "bnVsbA==",
          "dependencies": [
            "data.aws_iam_policy_document.assume_lambda",
            "random_id.suffix"
          ]
        }
      ]
    },
    {
      "mode": "managed",
      "type": "aws_iam_role",
      "name": "process_role",
      "provider": "provider[\"registry.terraform.io/hashicorp/aws\"]",
      "instances": [
        {
          "schema_version": 0,
          "attributes": {
            "arn": "arn:aws:iam::620812304336:role/event-pipeline-process-role-1f38",
            "assume_role_policy": "{\"Statement\":[{\"Action\":\"sts:AssumeRole\",\"Effect\":\"Allow\",\"Principal\":{\"Service\":\"lambda.amazonaws.com\"}}],\"Version\":\"2012-10-17\"}",
            "create_date": "2025-08-29T22:37:41Z",
            "description": "",
            "force_detach_policies": false,
            "id": "event-pipeline-process-role-1f38",
            "inline_policy": [
              {
                "name": "logs",
                "policy": "{\"Version\":\"2012-10-17\",\"Statement\":[{\"Action\":[\"logs:PutLogEvents\",\"logs:CreateLogStream\",\"logs:CreateLogGroup\"],\"Effect\":\"Allow\",\"Resource\":\"*\"}]}"
              },
              {
                "name": "s3read",
                "policy": "{\"Version\":\"2012-10-17\",\"Statement\":[{\"Action\":\"s3:GetObject\",\"Effect\":\"Allow\",\"Resource\":\"arn:aws:s3:::event-pipeline-raw-1f38/*\"}]}"
              }
            ],
            "managed_policy_arns": [],
            "max_session_duration": 3600,
            "name": "event-pipeline-process-role-1f38",
            "name_prefix": "",
            "path": "/",
            "permissions_boundary": "",
            "tags": {
              "Environment": "dev",
              "ManagedBy": "terraform",
              "Project": "event-pipeline"
            },
            "tags_all": {
              "Environment": "dev",
              "ManagedBy": "terraform",
              "Project": "event-pipeline"
            },
            "unique_id": "AROAZBC2L77IKJ322R44E"
          },
          "sensitive_attributes": [],
          "identity_schema_version": 0,
          "identity": {
            "account_id": "620812304336",
            "name": "event-pipeline-process-role-1f38"
          },
          "private": "bnVsbA==",
          "dependencies": [
            "data.aws_iam_policy_document.assume_lambda",
            "random_id.suffix"
          ]
        }
      ]
    },
    {
      "mode": "managed",
      "type": "aws_iam_role",
      "name": "sfn_role",
      "provider": "provider[\"registry.terraform.io/hashicorp/aws\"]",
      "instances": [
        {
          "schema_version": 0,
          "attributes": {
            "arn": "arn:aws:iam::620812304336:role/event-pipeline-sfn-role-1f38",
            "assume_role_policy": "{\"Statement\":[{\"Action\":\"sts:AssumeRole\",\"Effect\":\"Allow\",\"Principal\":{\"Service\":\"states.amazonaws.com\"}}],\"Version\":\"2012-10-17\"}",
            "create_date": "2025-08-29T22:37:41Z",
            "description": "",
            "force_detach_policies": false,
            "id": "event-pipeline-sfn-role-1f38",
            "inline_policy": [
              {
                "name": "invoke-and-logs",
                "policy": "{\"Version\":\"2012-10-17\",\"Statement\":[{\"Action\":\"lambda:InvokeFunction\",\"Effect\":\"Allow\",\"Resource\":[\"arn:aws:lambda:us-east-1:620812304336:function:event-pipeline-writer\",\"arn:aws:lambda:us-east-1:620812304336:function:event-pipeline-process\",\"arn:aws:lambda:us-east-1:620812304336:function:event-pipeline-ingest\"]},{\"Action\":[\"logs:PutLogEvents\",\"logs:CreateLogStream\",\"logs:CreateLogGroup\"],\"Effect\":\"Allow\",\"Resource\":\"*\"}]}"
              }
            ],
            "managed_policy_arns": [],
            "max_session_duration": 3600,
            "name": "event-pipeline-sfn-role-1f38",
            "name_prefix": "",
            "path": "/",
            "permissions_boundary": "",
            "tags": {
              "Environment": "dev",
              "ManagedBy": "terraform",
              "Project": "event-pipeline"
            },
            "tags_all": {
              "Environment": "dev",
              "ManagedBy": "terraform",
              "Project": "event-pipeline"
            },
            "unique_id": "AROAZBC2L77IM4BOFJLLX"
          },
          "sensitive_attributes": [],
          "identity_schema_version": 0,
          "identity": {
            "account_id": "620812304336",
            "name": "event-pipeline-sfn-role-1f38"
          },
          "private": "bnVsbA==",
          "dependencies": [
            "data.aws_iam_policy_document.assume_sfn",
            "random_id.suffix"
          ]
        }
      ]
    },
    {
      "mode": "managed",
      "type": "aws_iam_role",
      "name": "writer_role",
      "provider": "provider[\"registry.terraform.io/hashicorp/aws\"]",
      "instances": [
        {
          "schema_version": 0,
          "attributes": {
            "arn": "arn:aws:iam::620812304336:role/event-pipeline-writer-role-1f38",
            "assume_role_policy": "{\"Statement\":[{\"Action\":\"sts:AssumeRole\",\"Effect\":\"Allow\",\"Principal\":{\"Service\":\"lambda.amazonaws.com\"}}],\"Version\":\"2012-10-17\"}",
            "create_date": "2025-08-29T22:37:41Z",
            "description": "",
            "force_detach_policies": false,
            "id": "event-pipeline-writer-role-1f38",
            "inline_policy": [
              {
                "name": "ddbwrite",
                "policy": "{\"Version\":\"2012-10-17\",\"Statement\":[{\"Action\":[\"dynamodb:PutItem\",\"dynamodb:BatchWriteItem\"],\"Effect\":\"Allow\",\"Resource\":\"arn:aws:dynamodb:us-east-1:620812304336:table/event-pipeline-user-activity\"}]}"
              },
              {
                "name": "logs",
                "policy": "{\"Version\":\"2012-10-17\",\"Statement\":[{\"Action\":[\"logs:PutLogEvents\",\"logs:CreateLogStream\",\"logs:CreateLogGroup\"],\"Effect\":\"Allow\",\"Resource\":\"*\"}]}"
              }
            ],
            "managed_policy_arns": [],
            "max_session_duration": 3600,
            "name": "event-pipeline-writer-role-1f38",
            "name_prefix": "",
            "path": "/",
            "permissions_boundary": "",
            "tags": {
              "Environment": "dev",
              "ManagedBy": "terraform",
              "Project": "event-pipeline"
            },
            "tags_all": {
              "Environment": "dev",
              "ManagedBy": "terraform",
              "Project": "event-pipeline"
            },
            "unique_id": "AROAZBC2L77IK5Y44VVS5"
          },
          "sensitive_attributes": [],
          "identity_schema_version": 0,
          "identity": {
            "account_id": "620812304336",
            "name": "event-pipeline-writer-role-1f38"
          },
          "private": "bnVsbA==",
          "dependencies": [
            "data.aws_iam_policy_document.assume_lambda",
            "random_id.suffix"
          ]
        }
      ]
    },
    {
      "mode": "managed",
      "type": "aws_iam_role_policy",
      "name": "ingest_logs",
      "provider": "provider[\"registry.terraform.io/hashicorp/aws\"]",
      "instances": [
        {
          "schema_version": 0,
          "attributes": {
            "id": "event-pipeline-ingest-role-1f38:logs",
            "name": "logs",
            "name_prefix": "",
            "policy": "{\"Version\":\"2012-10-17\",\"Statement\":[{\"Action\":[\"logs:PutLogEvents\",\"logs:CreateLogStream\",\"logs:CreateLogGroup\"],\"Effect\":\"Allow\",\"Resource\":\"*\"}]}",
            "role": "event-pipeline-ingest-role-1f38"
          },
          "sensitive_attributes": [],
          "identity_schema_version": 0,
          "identity": {
            "account_id": "620812304336",
            "name": "logs",
            "role": "event-pipeline-ingest-role-1f38"
          },
          "private": "bnVsbA==",
          "dependencies": [
            "aws_iam_role.ingest_role",
            "data.aws_iam_policy_document.assume_lambda",
            "data.aws_iam_policy_document.lambda_logs",
            "random_id.suffix"
          ]
        }
      ]
    },
    {
      "mode": "managed",
      "type": "aws_iam_role_policy",
      "name": "ingest_policy",
      "provider": "provider[\"registry.terraform.io/hashicorp/aws\"]",
      "instances": [
        {
          "schema_version": 0,
          "attributes": {
            "id": "event-pipeline-ingest-role-1f38:s3write",
            "name": "s3write",
            "name_prefix": "",
            "policy": "{\"Version\":\"2012-10-17\",\"Statement\":[{\"Action\":[\"s3:PutObjectAcl\",\"s3:PutObject\"],\"Effect\":\"Allow\",\"Resource\":\"arn:aws:s3:::event-pipeline-raw-1f38/*\"}]}",
            "role": "event-pipeline-ingest-role-1f38"
          },
          "sensitive_attributes": [],
          "identity_schema_version": 0,
          "identity": {
            "account_id": "620812304336",
            "name": "s3write",
            "role": "event-pipeline-ingest-role-1f38"
          },
          "private": "bnVsbA==",
          "dependencies": [
            "aws_iam_role.ingest_role",
            "aws_s3_bucket.raw",
            "data.aws_iam_policy_document.assume_lambda",
            "data.aws_iam_policy_document.ingest_access",
            "random_id.suffix"
          ]
        }
      ]
    },
    {
      "mode": "managed",
      "type": "aws_iam_role_policy",
      "name": "process_logs",
      "provider": "provider[\"registry.terraform.io/hashicorp/aws\"]",
      "instances": [
        {
          "schema_version": 0,
          "attributes": {
            "id": "event-pipeline-process-role-1f38:logs",
            "name": "logs",
            "name_prefix": "",
            "policy": "{\"Version\":\"2012-10-17\",\"Statement\":[{\"Action\":[\"logs:PutLogEvents\",\"logs:CreateLogStream\",\"logs:CreateLogGroup\"],\"Effect\":\"Allow\",\"Resource\":\"*\"}]}",
            "role": "event-pipeline-process-role-1f38"
          },
          "sensitive_attributes": [],
          "identity_schema_version": 0,
          "identity": {
            "account_id": "620812304336",
            "name": "logs",
            "role": "event-pipeline-process-role-1f38"
          },
          "private": "bnVsbA==",
          "dependencies": [
            "aws_iam_role.process_role",
            "data.aws_iam_policy_document.assume_lambda",
            "data.aws_iam_policy_document.lambda_logs",
            "random_id.suffix"
          ]
        }
      ]
    },
    {
      "mode": "managed",
      "type": "aws_iam_role_policy",
      "name": "process_policy",
      "provider": "provider[\"registry.terraform.io/hashicorp/aws\"]",
      "instances": [
        {
          "schema_version": 0,
          "attributes": {
            "id": "event-pipeline-process-role-1f38:s3read",
            "name": "s3read",
            "name_prefix": "",
            "policy": "{\"Version\":\"2012-10-17\",\"Statement\":[{\"Action\":\"s3:GetObject\",\"Effect\":\"Allow\",\"Resource\":\"arn:aws:s3:::event-pipeline-raw-1f38/*\"}]}",
            "role": "event-pipeline-process-role-1f38"
          },
          "sensitive_attributes": [],
          "identity_schema_version": 0,
          "identity": {
            "account_id": "620812304336",
            "name": "s3read",
            "role": "event-pipeline-process-role-1f38"
          },
          "private": "bnVsbA==",
          "dependencies": [
            "aws_iam_role.process_role",
            "aws_s3_bucket.raw",
            "data.aws_iam_policy_document.assume_lambda",
            "data.aws_iam_policy_document.process_access",
            "random_id.suffix"
          ]
        }
      ]
    },
    {
      "mode": "managed",
      "type": "aws_iam_role_policy",
      "name": "sfn_policy",
      "provider": "provider[\"registry.terraform.io/hashicorp/aws\"]",
      "instances": [
        {
          "schema_version": 0,
          "attributes": {
            "id": "event-pipeline-sfn-role-1f38:invoke-and-logs",
            "name": "invoke-and-logs",
            "name_prefix": "",
            "policy": "{\"Version\":\"2012-10-17\",\"Statement\":[{\"Action\":\"lambda:InvokeFunction\",\"Effect\":\"Allow\",\"Resource\":[\"arn:aws:lambda:us-east-1:620812304336:function:event-pipeline-writer\",\"arn:aws:lambda:us-east-1:620812304336:function:event-pipeline-process\",\"arn:aws:lambda:us-east-1:620812304336:function:event-pipeline-ingest\"]},{\"Action\":[\"logs:UpdateLogDelivery\",\"logs:PutResourcePolicy\",\"logs:PutLogEvents\",\"logs:ListLogDeliveries\",\"logs:GetLogDelivery\",\"logs:DescribeResourcePolicies\",\"logs:DescribeLogStreams\",\"logs:DescribeLogGroups\",\"logs:DeleteLogDelivery\",\"logs:CreateLogStream\",\"logs:CreateLogGroup\",\"logs:CreateLogDelivery\",\"logs:AssociateKmsKey\"],\"Effect\":\"Allow\",\"Resource\":\"*\"}]}",
            "role": "event-pipeline-sfn-role-1f38"
          },
          "sensitive_attributes": [],
          "identity_schema_version": 0,
          "identity": {
            "account_id": "620812304336",
            "name": "invoke-and-logs",
            "role": "event-pipeline-sfn-role-1f38"
          },
          "private": "bnVsbA==",
          "dependencies": [
            "aws_dynamodb_table.user_activity",
            "aws_iam_role.ingest_role",
            "aws_iam_role.process_role",
            "aws_iam_role.sfn_role",
            "aws_iam_role.writer_role",
            "aws_lambda_function.ingest",
            "aws_lambda_function.process",
            "aws_lambda_function.writer",
            "aws_s3_bucket.raw",
            "data.archive_file.ingest_zip",
            "data.archive_file.process_zip",
            "data.archive_file.writer_zip",
            "data.aws_iam_policy_document.assume_lambda",
            "data.aws_iam_policy_document.assume_sfn",
            "data.aws_iam_policy_document.sfn_invoke",
            "random_id.suffix"
          ]
        }
      ]
    },
    {
      "mode": "managed",
      "type": "aws_iam_role_policy",
      "name": "writer_logs",
      "provider": "provider[\"registry.terraform.io/hashicorp/aws\"]",
      "instances": [
        {
          "schema_version": 0,
          "attributes": {
            "id": "event-pipeline-writer-role-1f38:logs",
            "name": "logs",
            "name_prefix": "",
            "policy": "{\"Version\":\"2012-10-17\",\"Statement\":[{\"Action\":[\"logs:PutLogEvents\",\"logs:CreateLogStream\",\"logs:CreateLogGroup\"],\"Effect\":\"Allow\",\"Resource\":\"*\"}]}",
            "role": "event-pipeline-writer-role-1f38"
          },
          "sensitive_attributes": [],
          "identity_schema_version": 0,
          "identity": {
            "account_id": "620812304336",
            "name": "logs",
            "role": "event-pipeline-writer-role-1f38"
          },
          "private": "bnVsbA==",
          "dependencies": [
            "aws_iam_role.writer_role",
            "data.aws_iam_policy_document.assume_lambda",
            "data.aws_iam_policy_document.lambda_logs",
            "random_id.suffix"
          ]
        }
      ]
    },
    {
      "mode": "managed",
      "type": "aws_iam_role_policy",
      "name": "writer_policy",
      "provider": "provider[\"registry.terraform.io/hashicorp/aws\"]",
      "instances": [
        {
          "schema_version": 0,
          "attributes": {
            "id": "event-pipeline-writer-role-1f38:ddbwrite",
            "name": "ddbwrite",
            "name_prefix": "",
            "policy": "{\"Version\":\"2012-10-17\",\"Statement\":[{\"Action\":[\"dynamodb:PutItem\",\"dynamodb:BatchWriteItem\"],\"Effect\":\"Allow\",\"Resource\":\"arn:aws:dynamodb:us-east-1:620812304336:table/event-pipeline-user-activity\"}]}",
            "role": "event-pipeline-writer-role-1f38"
          },
          "sensitive_attributes": [],
          "identity_schema_version": 0,
          "identity": {
            "account_id": "620812304336",
            "name": "ddbwrite",
            "role": "event-pipeline-writer-role-1f38"
          },
          "private": "bnVsbA==",
          "dependencies": [
            "aws_dynamodb_table.user_activity",
            "aws_iam_role.writer_role",
            "data.aws_iam_policy_document.assume_lambda",
            "data.aws_iam_policy_document.writer_access",
            "random_id.suffix"
          ]
        }
      ]
    },
    {
      "mode": "managed",
      "type": "aws_lambda_function",
      "name": "ingest",
      "provider": "provider[\"registry.terraform.io/hashicorp/aws\"]",
      "instances": [
        {
          "schema_version": 0,
          "attributes": {
            "architectures": [
              "x86_64"
            ],
            "arn": "arn:aws:lambda:us-east-1:620812304336:function:event-pipeline-ingest",
            "code_sha256": "QU8XpbBBNthR0pZ0ByJ5V7ACubuyUoLGDV1kq4w3sh8=",
            "code_signing_config_arn": "",
            "dead_letter_config": [],
            "description": "",
            "environment": [
              {
                "variables": {
                  "RAW_BUCKET": "event-pipeline-raw-1f38",
                  "RAW_PREFIX": "ingest/"
                }
              }
            ],
            "ephemeral_storage": [
              {
                "size": 512
              }
            ],
            "file_system_config": [],
            "filename": "./build/ingest.zip",
            "function_name": "event-pipeline-ingest",
            "handler": "handler.lambda_handler",
            "id": "event-pipeline-ingest",
            "image_config": [],
            "image_uri": "",
            "invoke_arn": "arn:aws:apigateway:us-east-1:lambda:path/2015-03-31/functions/arn:aws:lambda:us-east-1:620812304336:function:event-pipeline-ingest/invocations",
            "kms_key_arn": "",
            "last_modified": "2025-08-29T22:37:58.019+0000",
            "layers": [],
            "logging_config": [
              {
                "application_log_level": "",
                "log_format": "Text",
                "log_group": "/aws/lambda/event-pipeline-ingest",
                "system_log_level": ""
              }
            ],
            "memory_size": 128,
            "package_type": "Zip",
            "publish": false,
            "qualified_arn": "arn:aws:lambda:us-east-1:620812304336:function:event-pipeline-ingest:$LATEST",
            "qualified_invoke_arn": "arn:aws:apigateway:us-east-1:lambda:path/2015-03-31/functions/arn:aws:lambda:us-east-1:620812304336:function:event-pipeline-ingest:$LATEST/invocations",
            "region": "us-east-1",
            "replace_security_groups_on_destroy": null,
            "replacement_security_group_ids": null,
            "reserved_concurrent_executions": -1,
            "role": "arn:aws:iam::620812304336:role/event-pipeline-ingest-role-1f38",
            "runtime": "python3.11",
            "s3_bucket": null,
            "s3_key": null,
            "s3_object_version": null,
            "signing_job_arn": "",
            "signing_profile_version_arn": "",
            "skip_destroy": false,
            "snap_start": [],
            "source_code_hash": "",
            "source_code_size": 656,
            "tags": {
              "Environment": "dev",
              "ManagedBy": "terraform",
              "Project": "event-pipeline"
            },
            "tags_all": {
              "Environment": "dev",
              "ManagedBy": "terraform",
              "Project": "event-pipeline"
            },
            "timeout": 30,
            "timeouts": null,
            "tracing_config": [
              {
                "mode": "PassThrough"
              }
            ],
            "version": "$LATEST",
            "vpc_config": []
          },
          "sensitive_attributes": [],
          "identity_schema_version": 0,
          "identity": {
            "account_id": "620812304336",
            "function_name": "event-pipeline-ingest",
            "region": "us-east-1"
          },
          "private": "eyJlMmJmYjczMC1lY2FhLTExZTYtOGY4OC0zNDM2M2JjN2M0YzAiOnsiY3JlYXRlIjo2MDAwMDAwMDAwMDAsImRlbGV0ZSI6NjAwMDAwMDAwMDAwLCJ1cGRhdGUiOjYwMDAwMDAwMDAwMH19",
          "dependencies": [
            "aws_iam_role.ingest_role",
            "aws_s3_bucket.raw",
            "data.archive_file.ingest_zip",
            "data.aws_iam_policy_document.assume_lambda",
            "random_id.suffix"
          ]
        }
      ]
    },
    {
      "mode": "managed",
      "type": "aws_lambda_function",
      "name": "process",
      "provider": "provider[\"registry.terraform.io/hashicorp/aws\"]",
      "instances": [
        {
          "schema_version": 0,
          "attributes": {
            "architectures": [
              "x86_64"
            ],
            "arn": "arn:aws:lambda:us-east-1:620812304336:function:event-pipeline-process",
            "code_sha256": "R8mMkOG0QrT28SLKBtfYuuU55i5g+OmyJZGzLrR9Kkw=",
            "code_signing_config_arn": "",
            "dead_letter_config": [],
            "description": "",
            "environment": [
              {
                "variables": {
                  "RAW_BUCKET": "event-pipeline-raw-1f38"
                }
              }
            ],
            "ephemeral_storage": [
              {
                "size": 512
              }
            ],
            "file_system_config": [],
            "filename": "./build/process.zip",
            "function_name": "event-pipeline-process",
            "handler": "handler.lambda_handler",
            "id": "event-pipeline-process",
            "image_config": [],
            "image_uri": "",
            "invoke_arn": "arn:aws:apigateway:us-east-1:lambda:path/2015-03-31/functions/arn:aws:lambda:us-east-1:620812304336:function:event-pipeline-process/invocations",
            "kms_key_arn": "",
            "last_modified": "2025-08-29T22:37:51.847+0000",
            "layers": [],
            "logging_config": [
              {
                "application_log_level": "",
                "log_format": "Text",
                "log_group": "/aws/lambda/event-pipeline-process",
                "system_log_level": ""
              }
            ],
            "memory_size": 128,
            "package_type": "Zip",
            "publish": false,
            "qualified_arn": "arn:aws:lambda:us-east-1:620812304336:function:event-pipeline-process:$LATEST",
            "qualified_invoke_arn": "arn:aws:apigateway:us-east-1:lambda:path/2015-03-31/functions/arn:aws:lambda:us-east-1:620812304336:function:event-pipeline-process:$LATEST/invocations",
            "region": "us-east-1",
            "replace_security_groups_on_destroy": null,
            "replacement_security_group_ids": null,
            "reserved_concurrent_executions": -1,
            "role": "arn:aws:iam::620812304336:role/event-pipeline-process-role-1f38",
            "runtime": "python3.11",
            "s3_bucket": null,
            "s3_key": null,
            "s3_object_version": null,
            "signing_job_arn": "",
            "signing_profile_version_arn": "",
            "skip_destroy": false,
            "snap_start": [],
            "source_code_hash": "",
            "source_code_size": 562,
            "tags": {
              "Environment": "dev",
              "ManagedBy": "terraform",
              "Project": "event-pipeline"
            },
            "tags_all": {
              "Environment": "dev",
              "ManagedBy": "terraform",
              "Project": "event-pipeline"
            },
            "timeout": 60,
            "timeouts": null,
            "tracing_config": [
              {
                "mode": "PassThrough"
              }
            ],
            "version": "$LATEST",
            "vpc_config": []
          },
          "sensitive_attributes": [],
          "identity_schema_version": 0,
          "identity": {
            "account_id": "620812304336",
            "function_name": "event-pipeline-process",
            "region": "us-east-1"
          },
          "private": "eyJlMmJmYjczMC1lY2FhLTExZTYtOGY4OC0zNDM2M2JjN2M0YzAiOnsiY3JlYXRlIjo2MDAwMDAwMDAwMDAsImRlbGV0ZSI6NjAwMDAwMDAwMDAwLCJ1cGRhdGUiOjYwMDAwMDAwMDAwMH19",
          "dependencies": [
            "aws_iam_role.process_role",
            "aws_s3_bucket.raw",
            "data.archive_file.process_zip",
            "data.aws_iam_policy_document.assume_lambda",
            "random_id.suffix"
          ]
        }
      ]
    },
    {
      "mode": "managed",
      "type": "aws_lambda_function",
      "name": "writer",
      "provider": "provider[\"registry.terraform.io/hashicorp/aws\"]",
      "instances": [
        {
          "schema_version": 0,
          "attributes": {
            "architectures": [
              "x86_64"
            ],
            "arn": "arn:aws:lambda:us-east-1:620812304336:function:event-pipeline-writer",
            "code_sha256": "oPhoZYyWy+YdkPf/h84fEhREDLp8WVFZMbYSnvd536I=",
            "code_signing_config_arn": "",
            "dead_letter_config": [],
            "description": "",
            "environment": [
              {
                "variables": {
                  "TABLE_NAME": "event-pipeline-user-activity"
                }
              }
            ],
            "ephemeral_storage": [
              {
                "size": 512
              }
            ],
            "file_system_config": [],
            "filename": "./build/writer.zip",
            "function_name": "event-pipeline-writer",
            "handler": "handler.lambda_handler",
            "id": "event-pipeline-writer",
            "image_config": [],
            "image_uri": "",
            "invoke_arn": "arn:aws:apigateway:us-east-1:lambda:path/2015-03-31/functions/arn:aws:lambda:us-east-1:620812304336:function:event-pipeline-writer/invocations",
            "kms_key_arn": "",
            "last_modified": "2025-08-29T22:38:03.972+0000",
            "layers": [],
            "logging_config": [
              {
                "application_log_level": "",
                "log_format": "Text",
                "log_group": "/aws/lambda/event-pipeline-writer",
                "system_log_level": ""
              }
            ],
            "memory_size": 128,
            "package_type": "Zip",
            "publish": false,
            "qualified_arn": "arn:aws:lambda:us-east-1:620812304336:function:event-pipeline-writer:$LATEST",
            "qualified_invoke_arn": "arn:aws:apigateway:us-east-1:lambda:path/2015-03-31/functions/arn:aws:lambda:us-east-1:620812304336:function:event-pipeline-writer:$LATEST/invocations",
            "region": "us-east-1",
            "replace_security_groups_on_destroy": null,
            "replacement_security_group_ids": null,
            "reserved_concurrent_executions": -1,
            "role": "arn:aws:iam::620812304336:role/event-pipeline-writer-role-1f38",
            "runtime": "python3.11",
            "s3_bucket": null,
            "s3_key": null,
            "s3_object_version": null,
            "signing_job_arn": "",
            "signing_profile_version_arn": "",
            "skip_destroy": false,
            "snap_start": [],
            "source_code_hash": "",
            "source_code_size": 445,
            "tags": {
              "Environment": "dev",
              "ManagedBy": "terraform",
              "Project": "event-pipeline"
            },
            "tags_all": {
              "Environment": "dev",
              "ManagedBy": "terraform",
              "Project": "event-pipeline"
            },
            "timeout": 60,
            "timeouts": null,
            "tracing_config": [
              {
                "mode": "PassThrough"
              }
            ],
            "version": "$LATEST",
            "vpc_config": []
          },
          "sensitive_attributes": [],
          "identity_schema_version": 0,
          "identity": {
            "account_id": "620812304336",
            "function_name": "event-pipeline-writer",
            "region": "us-east-1"
          },
          "private": "eyJlMmJmYjczMC1lY2FhLTExZTYtOGY4OC0zNDM2M2JjN2M0YzAiOnsiY3JlYXRlIjo2MDAwMDAwMDAwMDAsImRlbGV0ZSI6NjAwMDAwMDAwMDAwLCJ1cGRhdGUiOjYwMDAwMDAwMDAwMH19",
          "dependencies": [
            "aws_dynamodb_table.user_activity",
            "aws_iam_role.writer_role",
            "data.archive_file.writer_zip",
            "data.aws_iam_policy_document.assume_lambda",
            "random_id.suffix"
          ]
        }
      ]
    },
    {
      "mode": "managed",
      "type": "aws_lambda_permission",
      "name": "allow_sfn_ingest",
      "provider": "provider[\"registry.terraform.io/hashicorp/aws\"]",
      "instances": [
        {
          "schema_version": 0,
          "attributes": {
            "action": "lambda:InvokeFunction",
            "event_source_token": null,
            "function_name": "event-pipeline-ingest",
            "function_url_auth_type": null,
            "id": "AllowSfnInvokeIngest",
            "principal": "states.amazonaws.com",
            "principal_org_id": null,
            "qualifier": "",
            "region": "us-east-1",
            "source_account": null,
            "source_arn": "arn:aws:states:us-east-1:620812304336:stateMachine:event-pipeline-state-machine",
            "statement_id": "AllowSfnInvokeIngest",
            "statement_id_prefix": ""
          },
          "sensitive_attributes": [],
          "identity_schema_version": 0,
          "identity": {
            "account_id": "620812304336",
            "function_name": "event-pipeline-ingest",
            "qualifier": null,
            "region": "us-east-1",
            "statement_id": "AllowSfnInvokeIngest"
          },
          "private": "bnVsbA==",
          "dependencies": [
            "aws_cloudwatch_log_group.sfn_logs",
            "aws_dynamodb_table.user_activity",
            "aws_iam_role.ingest_role",
            "aws_iam_role.process_role",
            "aws_iam_role.sfn_role",
            "aws_iam_role.writer_role",
            "aws_iam_role_policy.sfn_policy",
            "aws_lambda_function.ingest",
            "aws_lambda_function.process",
            "aws_lambda_function.writer",
            "aws_s3_bucket.raw",
            "aws_sfn_state_machine.pipeline",
            "data.archive_file.ingest_zip",
            "data.archive_file.process_zip",
            "data.archive_file.writer_zip",
            "data.aws_iam_policy_document.assume_lambda",
            "data.aws_iam_policy_document.assume_sfn",
            "data.aws_iam_policy_document.sfn_invoke",
            "random_id.suffix"
          ]
        }
      ]
    },
    {
      "mode": "managed",
      "type": "aws_lambda_permission",
      "name": "allow_sfn_process",
      "provider": "provider[\"registry.terraform.io/hashicorp/aws\"]",
      "instances": [
        {
          "schema_version": 0,
          "attributes": {
            "action": "lambda:InvokeFunction",
            "event_source_token": null,
            "function_name": "event-pipeline-process",
            "function_url_auth_type": null,
            "id": "AllowSfnInvokeProcess",
            "principal": "states.amazonaws.com",
            "principal_org_id": null,
            "qualifier": "",
            "region": "us-east-1",
            "source_account": null,
            "source_arn": "arn:aws:states:us-east-1:620812304336:stateMachine:event-pipeline-state-machine",
            "statement_id": "AllowSfnInvokeProcess",
            "statement_id_prefix": ""
          },
          "sensitive_attributes": [],
          "identity_schema_version": 0,
          "identity": {
            "account_id": "620812304336",
            "function_name": "event-pipeline-process",
            "qualifier": null,
            "region": "us-east-1",
            "statement_id": "AllowSfnInvokeProcess"
          },
          "private": "bnVsbA==",
          "dependencies": [
            "aws_cloudwatch_log_group.sfn_logs",
            "aws_dynamodb_table.user_activity",
            "aws_iam_role.ingest_role",
            "aws_iam_role.process_role",
            "aws_iam_role.sfn_role",
            "aws_iam_role.writer_role",
            "aws_iam_role_policy.sfn_policy",
            "aws_lambda_function.ingest",
            "aws_lambda_function.process",
            "aws_lambda_function.writer",
            "aws_s3_bucket.raw",
            "aws_sfn_state_machine.pipeline",
            "data.archive_file.ingest_zip",
            "data.archive_file.process_zip",
            "data.archive_file.writer_zip",
            "data.aws_iam_policy_document.assume_lambda",
            "data.aws_iam_policy_document.assume_sfn",
            "data.aws_iam_policy_document.sfn_invoke",
            "random_id.suffix"
          ]
        }
      ]
    },
    {
      "mode": "managed",
      "type": "aws_lambda_permission",
      "name": "allow_sfn_writer",
      "provider": "provider[\"registry.terraform.io/hashicorp/aws\"]",
      "instances": [
        {
          "schema_version": 0,
          "attributes": {
            "action": "lambda:InvokeFunction",
            "event_source_token": null,
            "function_name": "event-pipeline-writer",
            "function_url_auth_type": null,
            "id": "AllowSfnInvokeWriter",
            "principal": "states.amazonaws.com",
            "principal_org_id": null,
            "qualifier": "",
            "region": "us-east-1",
            "source_account": null,
            "source_arn": "arn:aws:states:us-east-1:620812304336:stateMachine:event-pipeline-state-machine",
            "statement_id": "AllowSfnInvokeWriter",
            "statement_id_prefix": ""
          },
          "sensitive_attributes": [],
          "identity_schema_version": 0,
          "identity": {
            "account_id": "620812304336",
            "function_name": "event-pipeline-writer",
            "qualifier": null,
            "region": "us-east-1",
            "statement_id": "AllowSfnInvokeWriter"
          },
          "private": "bnVsbA==",
          "dependencies": [
            "aws_cloudwatch_log_group.sfn_logs",
            "aws_dynamodb_table.user_activity",
            "aws_iam_role.ingest_role",
            "aws_iam_role.process_role",
            "aws_iam_role.sfn_role",
            "aws_iam_role.writer_role",
            "aws_iam_role_policy.sfn_policy",
            "aws_lambda_function.ingest",
            "aws_lambda_function.process",
            "aws_lambda_function.writer",
            "aws_s3_bucket.raw",
            "aws_sfn_state_machine.pipeline",
            "data.archive_file.ingest_zip",
            "data.archive_file.process_zip",
            "data.archive_file.writer_zip",
            "data.aws_iam_policy_document.assume_lambda",
            "data.aws_iam_policy_document.assume_sfn",
            "data.aws_iam_policy_document.sfn_invoke",
            "random_id.suffix"
          ]
        }
      ]
    },
    {
      "mode": "managed",
      "type": "aws_s3_bucket",
      "name": "raw",
      "provider": "provider[\"registry.terraform.io/hashicorp/aws\"]",
      "instances": [
        {
          "schema_version": 0,
          "attributes": {
            "acceleration_status": "",
            "acl": null,
            "arn": "arn:aws:s3:::event-pipeline-raw-1f38",
            "bucket": "event-pipeline-raw-1f38",
            "bucket_domain_name": "event-pipeline-raw-1f38.s3.amazonaws.com",
            "bucket_prefix": "",
            "bucket_region": "us-east-1",
            "bucket_regional_domain_name": "event-pipeline-raw-1f38.s3.us-east-1.amazonaws.com",
            "cors_rule": [],
            "force_destroy": true,
            "grant": [
              {
                "id": "4ac356ce6433688f14d0c1077ccaac6bd315074935a471ed9f15fe036aedac46",
                "permissions": [
                  "FULL_CONTROL"
                ],
                "type": "CanonicalUser",
                "uri": ""
              }
            ],
            "hosted_zone_id": "Z3AQBSTGFYJSTF",
            "id": "event-pipeline-raw-1f38",
            "lifecycle_rule": [],
            "logging": [],
            "object_lock_configuration": [],
            "object_lock_enabled": false,
            "policy": "",
            "region": "us-east-1",
            "replication_configuration": [],
            "request_payer": "BucketOwner",
            "server_side_encryption_configuration": [
              {
                "rule": [
                  {
                    "apply_server_side_encryption_by_default": [
                      {
                        "kms_master_key_id": "",
                        "sse_algorithm": "AES256"
                      }
                    ],
                    "bucket_key_enabled": false
                  }
                ]
              }
            ],
            "tags": {
              "Environment": "dev",
              "ManagedBy": "terraform",
              "Project": "event-pipeline"
            },
            "tags_all": {
              "Environment": "dev",
              "ManagedBy": "terraform",
              "Project": "event-pipeline"
            },
            "timeouts": null,
            "versioning": [
              {
                "enabled": true,
                "mfa_delete": false
              }
            ],
            "website": [],
            "website_domain": null,
            "website_endpoint": null
          },
          "sensitive_attributes": [],
          "identity_schema_version": 0,
          "identity": {
            "account_id": "620812304336",
            "bucket": "event-pipeline-raw-1f38",
            "region": "us-east-1"
          },
          "private": "eyJlMmJmYjczMC1lY2FhLTExZTYtOGY4OC0zNDM2M2JjN2M0YzAiOnsiY3JlYXRlIjoxMjAwMDAwMDAwMDAwLCJkZWxldGUiOjM2MDAwMDAwMDAwMDAsInJlYWQiOjEyMDAwMDAwMDAwMDAsInVwZGF0ZSI6MTIwMDAwMDAwMDAwMH19",
          "dependencies": [
            "random_id.suffix"
          ]
        }
      ]
    },
    {
      "mode": "managed",
      "type": "aws_s3_bucket_public_access_block",
      "name": "raw_pab",
      "provider": "provider[\"registry.terraform.io/hashicorp/aws\"]",
      "instances": [
        {
          "schema_version": 0,
          "attributes": {
            "block_public_acls": true,
            "block_public_policy": true,
            "bucket": "event-pipeline-raw-1f38",
            "id": "event-pipeline-raw-1f38",
            "ignore_public_acls": true,
            "region": "us-east-1",
            "restrict_public_buckets": true,
            "skip_destroy": null
          },
          "sensitive_attributes": [],
          "identity_schema_version": 0,
          "identity": {
            "account_id": "620812304336",
            "bucket": "event-pipeline-raw-1f38",
            "region": "us-east-1"
          },
          "private": "bnVsbA==",
          "dependencies": [
            "aws_s3_bucket.raw",
            "random_id.suffix"
          ]
        }
      ]
    },
    {
      "mode": "managed",
      "type": "aws_s3_bucket_server_side_encryption_configuration",
      "name": "raw_enc",
      "provider": "provider[\"registry.terraform.io/hashicorp/aws\"]",
      "instances": [
        {
          "schema_version": 0,
          "attributes": {
            "bucket": "event-pipeline-raw-1f38",
            "expected_bucket_owner": "",
            "id": "event-pipeline-raw-1f38",
            "region": "us-east-1",
            "rule": [
              {
                "apply_server_side_encryption_by_default": [
                  {
                    "kms_master_key_id": "",
                    "sse_algorithm": "AES256"
                  }
                ],
                "bucket_key_enabled": false
              }
            ]
          },
          "sensitive_attributes": [],
          "identity_schema_version": 0,
          "identity": {
            "account_id": "620812304336",
            "bucket": "event-pipeline-raw-1f38",
            "expected_bucket_owner": null,
            "region": "us-east-1"
          },
          "private": "bnVsbA==",
          "dependencies": [
            "aws_s3_bucket.raw",
            "random_id.suffix"
          ]
        }
      ]
    },
    {
      "mode": "managed",
      "type": "aws_s3_bucket_versioning",
      "name": "raw_versioning",
      "provider": "provider[\"registry.terraform.io/hashicorp/aws\"]",
      "instances": [
        {
          "schema_version": 0,
          "attributes": {
            "bucket": "event-pipeline-raw-1f38",
            "expected_bucket_owner": "",
            "id": "event-pipeline-raw-1f38",
            "mfa": null,
            "region": "us-east-1",
            "versioning_configuration": [
              {
                "mfa_delete": "",
                "status": "Enabled"
              }
            ]
          },
          "sensitive_attributes": [],
          "identity_schema_version": 0,
          "identity": {
            "account_id": "620812304336",
            "bucket": "event-pipeline-raw-1f38",
            "expected_bucket_owner": null,
            "region": "us-east-1"
          },
          "private": "bnVsbA==",
          "dependencies": [
            "aws_s3_bucket.raw",
            "random_id.suffix"
          ]
        }
      ]
    },
    {
      "mode": "managed",
      "type": "aws_sfn_state_machine",
      "name": "pipeline",
      "provider": "provider[\"registry.terraform.io/hashicorp/aws\"]",
      "instances": [
        {
          "schema_version": 0,
          "attributes": {
            "arn": "arn:aws:states:us-east-1:620812304336:stateMachine:event-pipeline-state-machine",
            "creation_date": "2025-08-29T23:30:52Z",
            "definition": "{\r\n  \"Comment\": \"Event-driven user activity pipeline\",\r\n  \"StartAt\": \"Ingest\",\r\n  \"States\": {\r\n    \"Ingest\": {\r\n      \"Type\": \"Task\",\r\n      \"Resource\": \"arn:aws:lambda:us-east-1:620812304336:function:event-pipeline-ingest\",\r\n      \"ResultPath\": \"$.ingest\",\r\n      \"Next\": \"Process\"\r\n    },\r\n    \"Process\": {\r\n      \"Type\": \"Task\",\r\n      \"Resource\": \"arn:aws:lambda:us-east-1:620812304336:function:event-pipeline-process\",\r\n      \"InputPath\": \"$.ingest\",\r\n      \"ResultPath\": \"$.process\",\r\n      \"Next\": \"Write\"\r\n    },\r\n    \"Write\": {\r\n      \"Type\": \"Task\",\r\n      \"Resource\": \"arn:aws:lambda:us-east-1:620812304336:function:event-pipeline-writer\",\r\n      \"InputPath\": \"$.process\",\r\n      \"ResultPath\": \"$.write\",\r\n      \"End\": true\r\n    }\r\n  }\r\n}\r\n",
            "description": "",
            "encryption_configuration": [
              {
                "kms_data_key_reuse_period_seconds": 0,
                "kms_key_id": "",
                "type": "AWS_OWNED_KEY"
              }
            ],
            "id": "arn:aws:states:us-east-1:620812304336:stateMachine:event-pipeline-state-machine",
            "logging_configuration": [
              {
                "include_execution_data": true,
                "level": "ALL",
                "log_destination": "arn:aws:logs:us-east-1:620812304336:log-group:/aws/states/event-pipeline-logs:*"
              }
            ],
            "name": "event-pipeline-state-machine",
            "name_prefix": "",
            "publish": false,
            "region": "us-east-1",
            "revision_id": "",
            "role_arn": "arn:aws:iam::620812304336:role/event-pipeline-sfn-role-1f38",
            "state_machine_version_arn": "",
            "status": "ACTIVE",
            "tags": {
              "Environment": "dev",
              "ManagedBy": "terraform",
              "Project": "event-pipeline"
            },
            "tags_all": {
              "Environment": "dev",
              "ManagedBy": "terraform",
              "Project": "event-pipeline"
            },
            "timeouts": null,
            "tracing_configuration": [
              {
                "enabled": false
              }
            ],
            "type": "STANDARD",
            "version_description": null
          },
          "sensitive_attributes": [],
          "identity_schema_version": 0,
          "private": "eyJlMmJmYjczMC1lY2FhLTExZTYtOGY4OC0zNDM2M2JjN2M0YzAiOnsiY3JlYXRlIjozMDAwMDAwMDAwMDAsImRlbGV0ZSI6MzAwMDAwMDAwMDAwLCJ1cGRhdGUiOjYwMDAwMDAwMDAwfX0=",
          "dependencies": [
            "aws_cloudwatch_log_group.sfn_logs",
            "aws_dynamodb_table.user_activity",
            "aws_iam_role.ingest_role",
            "aws_iam_role.process_role",
            "aws_iam_role.sfn_role",
            "aws_iam_role.writer_role",
            "aws_iam_role_policy.sfn_policy",
            "aws_lambda_function.ingest",
            "aws_lambda_function.process",
            "aws_lambda_function.writer",
            "aws_s3_bucket.raw",
            "data.archive_file.ingest_zip",
            "data.archive_file.process_zip",
            "data.archive_file.writer_zip",
            "data.aws_iam_policy_document.assume_lambda",
            "data.aws_iam_policy_document.assume_sfn",
            "data.aws_iam_policy_document.sfn_invoke",
            "random_id.suffix"
          ]
        }
      ]
    },
    {
      "mode": "managed",
      "type": "aws_sns_topic",
      "name": "alarms",
      "provider": "provider[\"registry.terraform.io/hashicorp/aws\"]",
      "instances": [
        {
          "schema_version": 0,
          "attributes": {
            "application_failure_feedback_role_arn": "",
            "application_success_feedback_role_arn": "",
            "application_success_feedback_sample_rate": 0,
            "archive_policy": "",
            "arn": "arn:aws:sns:us-east-1:620812304336:event-pipeline-alarms",
            "beginning_archive_time": "",
            "content_based_deduplication": false,
            "delivery_policy": "",
            "display_name": "",
            "fifo_throughput_scope": "",
            "fifo_topic": false,
            "firehose_failure_feedback_role_arn": "",
            "firehose_success_feedback_role_arn": "",
            "firehose_success_feedback_sample_rate": 0,
            "http_failure_feedback_role_arn": "",
            "http_success_feedback_role_arn": "",
            "http_success_feedback_sample_rate": 0,
            "id": "arn:aws:sns:us-east-1:620812304336:event-pipeline-alarms",
            "kms_master_key_id": "",
            "lambda_failure_feedback_role_arn": "",
            "lambda_success_feedback_role_arn": "",
            "lambda_success_feedback_sample_rate": 0,
            "name": "event-pipeline-alarms",
            "name_prefix": "",
            "owner": "620812304336",
            "policy": "{\"Id\":\"__default_policy_ID\",\"Statement\":[{\"Action\":[\"SNS:GetTopicAttributes\",\"SNS:SetTopicAttributes\",\"SNS:AddPermission\",\"SNS:RemovePermission\",\"SNS:DeleteTopic\",\"SNS:Subscribe\",\"SNS:ListSubscriptionsByTopic\",\"SNS:Publish\"],\"Condition\":{\"StringEquals\":{\"AWS:SourceOwner\":\"620812304336\"}},\"Effect\":\"Allow\",\"Principal\":{\"AWS\":\"*\"},\"Resource\":\"arn:aws:sns:us-east-1:620812304336:event-pipeline-alarms\",\"Sid\":\"__default_statement_ID\"}],\"Version\":\"2008-10-17\"}",
            "region": "us-east-1",
            "signature_version": 0,
            "sqs_failure_feedback_role_arn": "",
            "sqs_success_feedback_role_arn": "",
            "sqs_success_feedback_sample_rate": 0,
            "tags": {
              "Environment": "dev",
              "ManagedBy": "terraform",
              "Project": "event-pipeline"
            },
            "tags_all": {
              "Environment": "dev",
              "ManagedBy": "terraform",
              "Project": "event-pipeline"
            },
            "tracing_config": ""
          },
          "sensitive_attributes": [],
          "identity_schema_version": 0,
          "identity": {
            "arn": "arn:aws:sns:us-east-1:620812304336:event-pipeline-alarms"
          },
          "private": "bnVsbA=="
        }
      ]
    },
    {
      "mode": "managed",
      "type": "random_id",
      "name": "rand",
      "provider": "provider[\"registry.terraform.io/hashicorp/random\"]",
      "instances": [
        {
          "schema_version": 0,
          "attributes": {
            "b64_std": "dGSRCQ==",
            "b64_url": "dGSRCQ",
            "byte_length": 4,
            "dec": "1952747785",
            "hex": "74649109",
            "id": "dGSRCQ",
            "keepers": null,
            "prefix": null
          },
          "sensitive_attributes": [],
          "identity_schema_version": 0
        }
      ]
    },
    {
      "mode": "managed",
      "type": "random_id",
      "name": "suffix",
      "provider": "provider[\"registry.terraform.io/hashicorp/random\"]",
      "instances": [
        {
          "schema_version": 0,
          "attributes": {
            "b64_std": "Hzg=",
            "b64_url": "Hzg",
            "byte_length": 2,
            "dec": "7992",
            "hex": "1f38",
            "id": "Hzg",
            "keepers": null,
            "prefix": null
          },
          "sensitive_attributes": [],
          "identity_schema_version": 0
        }
      ]
    }
  ],
  "check_results": null
}
